
Microsoft Visual Studio Solution File, Format Version 12.00
# Visual Studio Version 17
VisualStudioVersion = 17.7.34031.279
MinimumVisualStudioVersion = 10.0.40219.1
Project("{FAE04EC0-301F-11D3-BF4B-00C04F79EFBC}") = "final-api-19", "final-api-19\final-api-19.csproj", "{C189D8BB-3AE2-470E-8305-57B550EE14ED}"
EndProject
Global
	GlobalSection(SolutionConfigurationPlatforms) = preSolution
		Debug|Any CPU = Debug|Any CPU
		Release|Any CPU = Release|Any CPU
	EndGlobalSection
	GlobalSection(ProjectConfigurationPlatforms) = postSolution
		{C189D8BB-3AE2-470E-8305-57B550EE14ED}.Debug|Any CPU.ActiveCfg = Debug|Any CPU
		{C189D8BB-3AE2-470E-8305-57B550EE14ED}.Debug|Any CPU.Build.0 = Debug|Any CPU
		{C189D8BB-3AE2-470E-8305-57B550EE14ED}.Release|Any CPU.ActiveCfg = Release|Any CPU
		{C189D8BB-3AE2-470E-8305-57B550EE14ED}.Release|Any CPU.Build.0 = Release|Any CPU
	EndGlobalSection
	GlobalSection(SolutionProperties) = preSolution
		HideSolutionNode = FALSE
	EndGlobalSection
	GlobalSection(ExtensibilityGlobals) = postSolution
		SolutionGuid = {2EDE226C-4507-43E2-8DE9-FA21BE801354}
	EndGlobalSection
EndGlobal
